
Microsoft Visual Studio Solution File, Format Version 12.00
# Visual Studio Version 17
VisualStudioVersion = 17.8.34316.72
MinimumVisualStudioVersion = 10.0.40219.1
Project("{9A19103F-16F7-4668-BE54-9A1E7A4F7556}") = "Norion.TollCalculator.Api", "Norion.TollCalculator.Api\Norion.TollCalculator.Api.csproj", "{E7EFB6B2-AF50-435A-A093-DD27F8E440C9}"
EndProject
Project("{9A19103F-16F7-4668-BE54-9A1E7A4F7556}") = "Norion.TollCalculator.Application", "Norion.TollCalculator.Application\Norion.TollCalculator.Application.csproj", "{7ECB4E4A-63B8-4627-BE7C-E0F66F845C52}"
EndProject
Project("{9A19103F-16F7-4668-BE54-9A1E7A4F7556}") = "Norion.TollCalculator.Infrastructure", "Norion.TollCalculator.Infrastructure\Norion.TollCalculator.Infrastructure.csproj", "{01EA149B-CD1D-48A3-84BD-0BA3FBE1E82C}"
EndProject
Project("{9A19103F-16F7-4668-BE54-9A1E7A4F7556}") = "Norion.TollCalculator.Domain", "Norion.TollCalculator.Domain\Norion.TollCalculator.Domain.csproj", "{9ED56E64-8670-47B7-A9F2-FC8706BD89F4}"
EndProject
Project("{9A19103F-16F7-4668-BE54-9A1E7A4F7556}") = "Norion.TollCalculator.Test", "Norion.TollCalculator.Test\Norion.TollCalculator.Test.csproj", "{F18C9FBB-C1BC-4BC7-A6F3-7145B9E6B616}"
EndProject
Global
	GlobalSection(SolutionConfigurationPlatforms) = preSolution
		Debug|Any CPU = Debug|Any CPU
		Release|Any CPU = Release|Any CPU
	EndGlobalSection
	GlobalSection(ProjectConfigurationPlatforms) = postSolution
		{E7EFB6B2-AF50-435A-A093-DD27F8E440C9}.Debug|Any CPU.ActiveCfg = Debug|Any CPU
		{E7EFB6B2-AF50-435A-A093-DD27F8E440C9}.Debug|Any CPU.Build.0 = Debug|Any CPU
		{E7EFB6B2-AF50-435A-A093-DD27F8E440C9}.Release|Any CPU.ActiveCfg = Release|Any CPU
		{E7EFB6B2-AF50-435A-A093-DD27F8E440C9}.Release|Any CPU.Build.0 = Release|Any CPU
		{7ECB4E4A-63B8-4627-BE7C-E0F66F845C52}.Debug|Any CPU.ActiveCfg = Debug|Any CPU
		{7ECB4E4A-63B8-4627-BE7C-E0F66F845C52}.Debug|Any CPU.Build.0 = Debug|Any CPU
		{7ECB4E4A-63B8-4627-BE7C-E0F66F845C52}.Release|Any CPU.ActiveCfg = Release|Any CPU
		{7ECB4E4A-63B8-4627-BE7C-E0F66F845C52}.Release|Any CPU.Build.0 = Release|Any CPU
		{01EA149B-CD1D-48A3-84BD-0BA3FBE1E82C}.Debug|Any CPU.ActiveCfg = Debug|Any CPU
		{01EA149B-CD1D-48A3-84BD-0BA3FBE1E82C}.Debug|Any CPU.Build.0 = Debug|Any CPU
		{01EA149B-CD1D-48A3-84BD-0BA3FBE1E82C}.Release|Any CPU.ActiveCfg = Release|Any CPU
		{01EA149B-CD1D-48A3-84BD-0BA3FBE1E82C}.Release|Any CPU.Build.0 = Release|Any CPU
		{9ED56E64-8670-47B7-A9F2-FC8706BD89F4}.Debug|Any CPU.ActiveCfg = Debug|Any CPU
		{9ED56E64-8670-47B7-A9F2-FC8706BD89F4}.Debug|Any CPU.Build.0 = Debug|Any CPU
		{9ED56E64-8670-47B7-A9F2-FC8706BD89F4}.Release|Any CPU.ActiveCfg = Release|Any CPU
		{9ED56E64-8670-47B7-A9F2-FC8706BD89F4}.Release|Any CPU.Build.0 = Release|Any CPU
		{F18C9FBB-C1BC-4BC7-A6F3-7145B9E6B616}.Debug|Any CPU.ActiveCfg = Debug|Any CPU
		{F18C9FBB-C1BC-4BC7-A6F3-7145B9E6B616}.Debug|Any CPU.Build.0 = Debug|Any CPU
		{F18C9FBB-C1BC-4BC7-A6F3-7145B9E6B616}.Release|Any CPU.ActiveCfg = Release|Any CPU
		{F18C9FBB-C1BC-4BC7-A6F3-7145B9E6B616}.Release|Any CPU.Build.0 = Release|Any CPU
	EndGlobalSection
	GlobalSection(SolutionProperties) = preSolution
		HideSolutionNode = FALSE
	EndGlobalSection
	GlobalSection(ExtensibilityGlobals) = postSolution
		SolutionGuid = {5FB66FB6-FB8F-43A8-8196-D428E9EFFAD8}
	EndGlobalSection
EndGlobal
